// !$*UTF8*$!
{
	archiveVersion = 1;
	classes = {
	};
	objectVersion = 56;
	objects = {

/* Begin PBXBuildFile section */
		3E02877E2B9B7C4700B5E139 /* FeedbackView.swift in Sources */ = {isa = PBXBuildFile; fileRef = 3E02877D2B9B7C4700B5E139 /* FeedbackView.swift */; };
		3E0287802B9B811D00B5E139 /* AllGraphsView.swift in Sources */ = {isa = PBXBuildFile; fileRef = 3E02877F2B9B811D00B5E139 /* AllGraphsView.swift */; };
		3E0287822B9B839700B5E139 /* DataView.swift in Sources */ = {isa = PBXBuildFile; fileRef = 3E0287812B9B839700B5E139 /* DataView.swift */; };
		3E2E8C142B8F6FDF003C609A /* Info.swift in Sources */ = {isa = PBXBuildFile; fileRef = 3E2E8C132B8F6FDF003C609A /* Info.swift */; };
		3ECF618F2B8E1C0F0007E8F7 /* AllAchievementsView.swift in Sources */ = {isa = PBXBuildFile; fileRef = 3ECF618E2B8E1C0F0007E8F7 /* AllAchievementsView.swift */; };
		6B1F6D832B9096E800C7EE6B /* Assets.xcassets in Resources */ = {isa = PBXBuildFile; fileRef = 9D7188002B7E419B002C02B0 /* Assets.xcassets */; };
		6B1F6D852B90970200C7EE6B /* AchievementButton.swift in Sources */ = {isa = PBXBuildFile; fileRef = 6B1F6D842B90970200C7EE6B /* AchievementButton.swift */; };
		6B1F6D872B909A1500C7EE6B /* DateFormatter.swift in Sources */ = {isa = PBXBuildFile; fileRef = 6B1F6D862B909A1500C7EE6B /* DateFormatter.swift */; };
		6B6C8A002B8F2E24008C880C /* AchievementStyle.swift in Sources */ = {isa = PBXBuildFile; fileRef = 6B6C89FF2B8F2E24008C880C /* AchievementStyle.swift */; };
		6B6C8A022B8F4CEB008C880C /* Session.swift in Sources */ = {isa = PBXBuildFile; fileRef = 9D8C39312B88F05400FFB72F /* Session.swift */; };
		6B8AA1072B84AC5E0088E5E4 /* Achievement.swift in Sources */ = {isa = PBXBuildFile; fileRef = 6B8AA1062B84AC5E0088E5E4 /* Achievement.swift */; };
		6B8AA10B2B84B24E0088E5E4 /* AchievementDetailView.swift in Sources */ = {isa = PBXBuildFile; fileRef = 6B8AA10A2B84B24E0088E5E4 /* AchievementDetailView.swift */; };
		6B8AA1102B84B9100088E5E4 /* Advice.swift in Sources */ = {isa = PBXBuildFile; fileRef = 6B8AA10F2B84B9100088E5E4 /* Advice.swift */; };
		6B9666E62B9711A50052CAF1 /* Line.swift in Sources */ = {isa = PBXBuildFile; fileRef = 6B9666E52B9711A50052CAF1 /* Line.swift */; };
		6B984F982B8E44B900B2ECD7 /* NaAchievementView.swift in Sources */ = {isa = PBXBuildFile; fileRef = 6B984F972B8E44B900B2ECD7 /* NaAchievementView.swift */; };
		6BACB17B2B91E5710098F263 /* FeedbackList.swift in Sources */ = {isa = PBXBuildFile; fileRef = 6BACB1792B91E5710098F263 /* FeedbackList.swift */; };
		6BACB17C2B91E5710098F263 /* FeedbackList.swift in Sources */ = {isa = PBXBuildFile; fileRef = 6BACB1792B91E5710098F263 /* FeedbackList.swift */; };
		6BACB17D2B91E5710098F263 /* Feedback.swift in Sources */ = {isa = PBXBuildFile; fileRef = 6BACB17A2B91E5710098F263 /* Feedback.swift */; };
		6BACB17E2B91E5710098F263 /* Feedback.swift in Sources */ = {isa = PBXBuildFile; fileRef = 6BACB17A2B91E5710098F263 /* Feedback.swift */; };
		6BBD95582B8E1B1400712380 /* DoubleToTime.swift in Sources */ = {isa = PBXBuildFile; fileRef = 6BBD95572B8E1B1400712380 /* DoubleToTime.swift */; };
		6BD11A9E2B8CF519008FA32D /* SpeedGraphView.swift in Sources */ = {isa = PBXBuildFile; fileRef = 6BD11A9D2B8CF519008FA32D /* SpeedGraphView.swift */; };
		6BD11AA02B8CF6BF008FA32D /* BpmGraphView.swift in Sources */ = {isa = PBXBuildFile; fileRef = 6BD11A9F2B8CF6BF008FA32D /* BpmGraphView.swift */; };
		6BDF79BC2B8C8CCA00E9663D /* ResponsiveFrame.swift in Sources */ = {isa = PBXBuildFile; fileRef = 6BDF79BB2B8C8CCA00E9663D /* ResponsiveFrame.swift */; };
		9D6261D72B91E7DD00CF01F1 /* HistoryView.swift in Sources */ = {isa = PBXBuildFile; fileRef = 9D6261D52B91E7DD00CF01F1 /* HistoryView.swift */; };
		9D6261D82B91E7DD00CF01F1 /* HistoryElementStyle.swift in Sources */ = {isa = PBXBuildFile; fileRef = 9D6261D62B91E7DD00CF01F1 /* HistoryElementStyle.swift */; };
		9D7187FD2B7E419A002C02B0 /* CanShakerApp.swift in Sources */ = {isa = PBXBuildFile; fileRef = 9D7187FC2B7E419A002C02B0 /* CanShakerApp.swift */; };
		9D7187FF2B7E419A002C02B0 /* DashboardView.swift in Sources */ = {isa = PBXBuildFile; fileRef = 9D7187FE2B7E419A002C02B0 /* DashboardView.swift */; };
		9D7188042B7E419B002C02B0 /* Preview Assets.xcassets in Resources */ = {isa = PBXBuildFile; fileRef = 9D7188032B7E419B002C02B0 /* Preview Assets.xcassets */; };
		9D71880A2B7E419B002C02B0 /* CanShaker Watch App.app in Embed Watch Content */ = {isa = PBXBuildFile; fileRef = 9D7188092B7E419B002C02B0 /* CanShaker Watch App.app */; settings = {ATTRIBUTES = (RemoveHeadersOnCopy, ); }; };
		9D71880F2B7E419B002C02B0 /* CanShakerApp.swift in Sources */ = {isa = PBXBuildFile; fileRef = 9D71880E2B7E419B002C02B0 /* CanShakerApp.swift */; };
		9D7188112B7E419B002C02B0 /* SessionView.swift in Sources */ = {isa = PBXBuildFile; fileRef = 9D7188102B7E419B002C02B0 /* SessionView.swift */; };
		9D7188162B7E419C002C02B0 /* Preview Assets.xcassets in Resources */ = {isa = PBXBuildFile; fileRef = 9D7188152B7E419C002C02B0 /* Preview Assets.xcassets */; };
		9D7411A22B7F515200869BF8 /* AchievementsView.swift in Sources */ = {isa = PBXBuildFile; fileRef = 9D7411A12B7F515200869BF8 /* AchievementsView.swift */; };
		9D7411A42B7F51BE00869BF8 /* AdviceView.swift in Sources */ = {isa = PBXBuildFile; fileRef = 9D7411A32B7F51BE00869BF8 /* AdviceView.swift */; };
		9D7411A62B7F534E00869BF8 /* HighFreqAlert.swift in Sources */ = {isa = PBXBuildFile; fileRef = 9D7411A52B7F534E00869BF8 /* HighFreqAlert.swift */; };
		9D7411A82B7F559A00869BF8 /* AchievementObtainedView.swift in Sources */ = {isa = PBXBuildFile; fileRef = 9D7411A72B7F559A00869BF8 /* AchievementObtainedView.swift */; };
		9D7411B02B7F960600869BF8 /* LastStatsView.swift in Sources */ = {isa = PBXBuildFile; fileRef = 9D7411AE2B7F960600869BF8 /* LastStatsView.swift */; };
		9D7411B22B7F96BD00869BF8 /* AchievementsView.swift in Sources */ = {isa = PBXBuildFile; fileRef = 9D7411B12B7F96BD00869BF8 /* AchievementsView.swift */; };
		9D7B324E2B889142003B08A7 /* MotionDataManager.swift in Sources */ = {isa = PBXBuildFile; fileRef = 9D7B324D2B889142003B08A7 /* MotionDataManager.swift */; };
		9D81EDA92B8372C2003B7CD1 /* Assets.xcassets in Resources */ = {isa = PBXBuildFile; fileRef = 9D7188002B7E419B002C02B0 /* Assets.xcassets */; };
		9D81EDAB2B838D52003B7CD1 /* AchievementDetailView.swift in Sources */ = {isa = PBXBuildFile; fileRef = 9D81EDAA2B838D52003B7CD1 /* AchievementDetailView.swift */; };
		9D8C39302B88E7E700FFB72F /* Achievement.swift in Sources */ = {isa = PBXBuildFile; fileRef = 6B8AA1062B84AC5E0088E5E4 /* Achievement.swift */; };
		9D8C39322B88F05400FFB72F /* Session.swift in Sources */ = {isa = PBXBuildFile; fileRef = 9D8C39312B88F05400FFB72F /* Session.swift */; };
		9D8C39362B89006400FFB72F /* Extensions.swift in Sources */ = {isa = PBXBuildFile; fileRef = 9D8C39352B89006400FFB72F /* Extensions.swift */; };
		9D9A65002B91E267003FA073 /* AuthenticationView.swift in Sources */ = {isa = PBXBuildFile; fileRef = 9D9A64FF2B91E267003FA073 /* AuthenticationView.swift */; };
		9D9F22D82B97201C000654A4 /* Localizable.xcstrings in Resources */ = {isa = PBXBuildFile; fileRef = 9D9F22D72B97201C000654A4 /* Localizable.xcstrings */; };
		9D9F22D92B97201C000654A4 /* Localizable.xcstrings in Resources */ = {isa = PBXBuildFile; fileRef = 9D9F22D72B97201C000654A4 /* Localizable.xcstrings */; };
		9DA6A84D2B8C8B2C009737D7 /* AdviceDetailView.swift in Sources */ = {isa = PBXBuildFile; fileRef = 9DA6A84B2B8C8B2C009737D7 /* AdviceDetailView.swift */; };
		9DA6A84E2B8C8B2C009737D7 /* AdviceListView.swift in Sources */ = {isa = PBXBuildFile; fileRef = 9DA6A84C2B8C8B2C009737D7 /* AdviceListView.swift */; };
		9DA6A8502B8C8B34009737D7 /* AdviceButtonStyle.swift in Sources */ = {isa = PBXBuildFile; fileRef = 9DA6A84F2B8C8B34009737D7 /* AdviceButtonStyle.swift */; };
		9DA6A8542B8C8B43009737D7 /* LastSessionView.swift in Sources */ = {isa = PBXBuildFile; fileRef = 9DA6A8522B8C8B43009737D7 /* LastSessionView.swift */; };
		9DA6A85A2B8C8B6E009737D7 /* AdviceList.swift in Sources */ = {isa = PBXBuildFile; fileRef = 9DA6A8592B8C8B6E009737D7 /* AdviceList.swift */; };
		9DA6A8602B8C8F92009737D7 /* Extensions.swift in Sources */ = {isa = PBXBuildFile; fileRef = 9D8C39352B89006400FFB72F /* Extensions.swift */; };
		9DA6A8622B8C9587009737D7 /* Connectivity.swift in Sources */ = {isa = PBXBuildFile; fileRef = 9DA6A8612B8C9587009737D7 /* Connectivity.swift */; };
		9DA6A8632B8C95A7009737D7 /* Connectivity.swift in Sources */ = {isa = PBXBuildFile; fileRef = 9DA6A8612B8C9587009737D7 /* Connectivity.swift */; };
/* End PBXBuildFile section */

/* Begin PBXContainerItemProxy section */
		9D71880B2B7E419B002C02B0 /* PBXContainerItemProxy */ = {
			isa = PBXContainerItemProxy;
			containerPortal = 9D7187F12B7E419A002C02B0 /* Project object */;
			proxyType = 1;
			remoteGlobalIDString = 9D7188082B7E419B002C02B0;
			remoteInfo = "CanShaker Watch App";
		};
/* End PBXContainerItemProxy section */

/* Begin PBXCopyFilesBuildPhase section */
		9D71881C2B7E419C002C02B0 /* Embed Watch Content */ = {
			isa = PBXCopyFilesBuildPhase;
			buildActionMask = 2147483647;
			dstPath = "$(CONTENTS_FOLDER_PATH)/Watch";
			dstSubfolderSpec = 16;
			files = (
				9D71880A2B7E419B002C02B0 /* CanShaker Watch App.app in Embed Watch Content */,
			);
			name = "Embed Watch Content";
			runOnlyForDeploymentPostprocessing = 0;
		};
/* End PBXCopyFilesBuildPhase section */

/* Begin PBXFileReference section */
		3E02877D2B9B7C4700B5E139 /* FeedbackView.swift */ = {isa = PBXFileReference; lastKnownFileType = sourcecode.swift; path = FeedbackView.swift; sourceTree = "<group>"; };
		3E02877F2B9B811D00B5E139 /* AllGraphsView.swift */ = {isa = PBXFileReference; lastKnownFileType = sourcecode.swift; path = AllGraphsView.swift; sourceTree = "<group>"; };
		3E0287812B9B839700B5E139 /* DataView.swift */ = {isa = PBXFileReference; lastKnownFileType = sourcecode.swift; path = DataView.swift; sourceTree = "<group>"; };
		3E2E8C132B8F6FDF003C609A /* Info.swift */ = {isa = PBXFileReference; fileEncoding = 4; lastKnownFileType = sourcecode.swift; path = Info.swift; sourceTree = "<group>"; };
		3ECF618E2B8E1C0F0007E8F7 /* AllAchievementsView.swift */ = {isa = PBXFileReference; lastKnownFileType = sourcecode.swift; path = AllAchievementsView.swift; sourceTree = "<group>"; };
		6B1F6D842B90970200C7EE6B /* AchievementButton.swift */ = {isa = PBXFileReference; fileEncoding = 4; lastKnownFileType = sourcecode.swift; path = AchievementButton.swift; sourceTree = "<group>"; };
		6B1F6D862B909A1500C7EE6B /* DateFormatter.swift */ = {isa = PBXFileReference; lastKnownFileType = sourcecode.swift; path = DateFormatter.swift; sourceTree = "<group>"; };
		6B6C89FF2B8F2E24008C880C /* AchievementStyle.swift */ = {isa = PBXFileReference; lastKnownFileType = sourcecode.swift; path = AchievementStyle.swift; sourceTree = "<group>"; };
		6B8AA1062B84AC5E0088E5E4 /* Achievement.swift */ = {isa = PBXFileReference; lastKnownFileType = sourcecode.swift; path = Achievement.swift; sourceTree = "<group>"; };
		6B8AA10A2B84B24E0088E5E4 /* AchievementDetailView.swift */ = {isa = PBXFileReference; lastKnownFileType = sourcecode.swift; path = AchievementDetailView.swift; sourceTree = "<group>"; };
		6B8AA10F2B84B9100088E5E4 /* Advice.swift */ = {isa = PBXFileReference; lastKnownFileType = sourcecode.swift; path = Advice.swift; sourceTree = "<group>"; };
		6B9666E52B9711A50052CAF1 /* Line.swift */ = {isa = PBXFileReference; lastKnownFileType = sourcecode.swift; path = Line.swift; sourceTree = "<group>"; };
		6B984F972B8E44B900B2ECD7 /* NaAchievementView.swift */ = {isa = PBXFileReference; lastKnownFileType = sourcecode.swift; path = NaAchievementView.swift; sourceTree = "<group>"; };
		6BACB1792B91E5710098F263 /* FeedbackList.swift */ = {isa = PBXFileReference; fileEncoding = 4; lastKnownFileType = sourcecode.swift; path = FeedbackList.swift; sourceTree = "<group>"; };
		6BACB17A2B91E5710098F263 /* Feedback.swift */ = {isa = PBXFileReference; fileEncoding = 4; lastKnownFileType = sourcecode.swift; path = Feedback.swift; sourceTree = "<group>"; };
		6BBD95572B8E1B1400712380 /* DoubleToTime.swift */ = {isa = PBXFileReference; fileEncoding = 4; lastKnownFileType = sourcecode.swift; path = DoubleToTime.swift; sourceTree = "<group>"; };
		6BD11A9D2B8CF519008FA32D /* SpeedGraphView.swift */ = {isa = PBXFileReference; lastKnownFileType = sourcecode.swift; path = SpeedGraphView.swift; sourceTree = "<group>"; };
		6BD11A9F2B8CF6BF008FA32D /* BpmGraphView.swift */ = {isa = PBXFileReference; lastKnownFileType = sourcecode.swift; path = BpmGraphView.swift; sourceTree = "<group>"; };
		6BDF79BB2B8C8CCA00E9663D /* ResponsiveFrame.swift */ = {isa = PBXFileReference; lastKnownFileType = sourcecode.swift; path = ResponsiveFrame.swift; sourceTree = "<group>"; };
		9D5360EA2B7E4E3800BE628C /* CanShaker Watch App.entitlements */ = {isa = PBXFileReference; lastKnownFileType = text.plist.entitlements; path = "CanShaker Watch App.entitlements"; sourceTree = "<group>"; };
		9D5360EB2B7E4E9100BE628C /* CanShaker.entitlements */ = {isa = PBXFileReference; lastKnownFileType = text.plist.entitlements; path = CanShaker.entitlements; sourceTree = "<group>"; };
		9D6261D52B91E7DD00CF01F1 /* HistoryView.swift */ = {isa = PBXFileReference; fileEncoding = 4; lastKnownFileType = sourcecode.swift; path = HistoryView.swift; sourceTree = "<group>"; };
		9D6261D62B91E7DD00CF01F1 /* HistoryElementStyle.swift */ = {isa = PBXFileReference; fileEncoding = 4; lastKnownFileType = sourcecode.swift; path = HistoryElementStyle.swift; sourceTree = "<group>"; };
		9D7135712B85EB7900650827 /* Info.plist */ = {isa = PBXFileReference; lastKnownFileType = text.plist; path = Info.plist; sourceTree = "<group>"; };
		9D7187F92B7E419A002C02B0 /* CanShaker.app */ = {isa = PBXFileReference; explicitFileType = wrapper.application; includeInIndex = 0; path = CanShaker.app; sourceTree = BUILT_PRODUCTS_DIR; };
		9D7187FC2B7E419A002C02B0 /* CanShakerApp.swift */ = {isa = PBXFileReference; lastKnownFileType = sourcecode.swift; path = CanShakerApp.swift; sourceTree = "<group>"; };
		9D7187FE2B7E419A002C02B0 /* DashboardView.swift */ = {isa = PBXFileReference; lastKnownFileType = sourcecode.swift; path = DashboardView.swift; sourceTree = "<group>"; };
		9D7188002B7E419B002C02B0 /* Assets.xcassets */ = {isa = PBXFileReference; lastKnownFileType = folder.assetcatalog; path = Assets.xcassets; sourceTree = "<group>"; };
		9D7188032B7E419B002C02B0 /* Preview Assets.xcassets */ = {isa = PBXFileReference; lastKnownFileType = folder.assetcatalog; path = "Preview Assets.xcassets"; sourceTree = "<group>"; };
		9D7188092B7E419B002C02B0 /* CanShaker Watch App.app */ = {isa = PBXFileReference; explicitFileType = wrapper.application; includeInIndex = 0; path = "CanShaker Watch App.app"; sourceTree = BUILT_PRODUCTS_DIR; };
		9D71880E2B7E419B002C02B0 /* CanShakerApp.swift */ = {isa = PBXFileReference; lastKnownFileType = sourcecode.swift; path = CanShakerApp.swift; sourceTree = "<group>"; };
		9D7188102B7E419B002C02B0 /* SessionView.swift */ = {isa = PBXFileReference; lastKnownFileType = sourcecode.swift; path = SessionView.swift; sourceTree = "<group>"; };
		9D7188152B7E419C002C02B0 /* Preview Assets.xcassets */ = {isa = PBXFileReference; lastKnownFileType = folder.assetcatalog; path = "Preview Assets.xcassets"; sourceTree = "<group>"; };
		9D7411A12B7F515200869BF8 /* AchievementsView.swift */ = {isa = PBXFileReference; lastKnownFileType = sourcecode.swift; path = AchievementsView.swift; sourceTree = "<group>"; };
		9D7411A32B7F51BE00869BF8 /* AdviceView.swift */ = {isa = PBXFileReference; lastKnownFileType = sourcecode.swift; path = AdviceView.swift; sourceTree = "<group>"; };
		9D7411A52B7F534E00869BF8 /* HighFreqAlert.swift */ = {isa = PBXFileReference; lastKnownFileType = sourcecode.swift; path = HighFreqAlert.swift; sourceTree = "<group>"; };
		9D7411A72B7F559A00869BF8 /* AchievementObtainedView.swift */ = {isa = PBXFileReference; lastKnownFileType = sourcecode.swift; path = AchievementObtainedView.swift; sourceTree = "<group>"; };
		9D7411AE2B7F960600869BF8 /* LastStatsView.swift */ = {isa = PBXFileReference; lastKnownFileType = sourcecode.swift; path = LastStatsView.swift; sourceTree = "<group>"; };
		9D7411B12B7F96BD00869BF8 /* AchievementsView.swift */ = {isa = PBXFileReference; lastKnownFileType = sourcecode.swift; path = AchievementsView.swift; sourceTree = "<group>"; };
		9D7B324D2B889142003B08A7 /* MotionDataManager.swift */ = {isa = PBXFileReference; lastKnownFileType = sourcecode.swift; path = MotionDataManager.swift; sourceTree = "<group>"; };
		9D81EDAA2B838D52003B7CD1 /* AchievementDetailView.swift */ = {isa = PBXFileReference; lastKnownFileType = sourcecode.swift; path = AchievementDetailView.swift; sourceTree = "<group>"; };
		9D8C39312B88F05400FFB72F /* Session.swift */ = {isa = PBXFileReference; lastKnownFileType = sourcecode.swift; path = Session.swift; sourceTree = "<group>"; };
		9D8C39352B89006400FFB72F /* Extensions.swift */ = {isa = PBXFileReference; lastKnownFileType = sourcecode.swift; path = Extensions.swift; sourceTree = "<group>"; };
		9D9A64FF2B91E267003FA073 /* AuthenticationView.swift */ = {isa = PBXFileReference; fileEncoding = 4; lastKnownFileType = sourcecode.swift; path = AuthenticationView.swift; sourceTree = "<group>"; };
		9D9F22D72B97201C000654A4 /* Localizable.xcstrings */ = {isa = PBXFileReference; lastKnownFileType = text.json.xcstrings; path = Localizable.xcstrings; sourceTree = "<group>"; };
		9DA6A84B2B8C8B2C009737D7 /* AdviceDetailView.swift */ = {isa = PBXFileReference; fileEncoding = 4; lastKnownFileType = sourcecode.swift; path = AdviceDetailView.swift; sourceTree = "<group>"; };
		9DA6A84C2B8C8B2C009737D7 /* AdviceListView.swift */ = {isa = PBXFileReference; fileEncoding = 4; lastKnownFileType = sourcecode.swift; path = AdviceListView.swift; sourceTree = "<group>"; };
		9DA6A84F2B8C8B34009737D7 /* AdviceButtonStyle.swift */ = {isa = PBXFileReference; fileEncoding = 4; lastKnownFileType = sourcecode.swift; path = AdviceButtonStyle.swift; sourceTree = "<group>"; };
		9DA6A8522B8C8B43009737D7 /* LastSessionView.swift */ = {isa = PBXFileReference; fileEncoding = 4; lastKnownFileType = sourcecode.swift; path = LastSessionView.swift; sourceTree = "<group>"; };
		9DA6A8592B8C8B6E009737D7 /* AdviceList.swift */ = {isa = PBXFileReference; fileEncoding = 4; lastKnownFileType = sourcecode.swift; path = AdviceList.swift; sourceTree = "<group>"; };
		9DA6A8612B8C9587009737D7 /* Connectivity.swift */ = {isa = PBXFileReference; lastKnownFileType = sourcecode.swift; path = Connectivity.swift; sourceTree = "<group>"; };
/* End PBXFileReference section */

/* Begin PBXFrameworksBuildPhase section */
		9D7187F62B7E419A002C02B0 /* Frameworks */ = {
			isa = PBXFrameworksBuildPhase;
			buildActionMask = 2147483647;
			files = (
			);
			runOnlyForDeploymentPostprocessing = 0;
		};
		9D7188062B7E419B002C02B0 /* Frameworks */ = {
			isa = PBXFrameworksBuildPhase;
			buildActionMask = 2147483647;
			files = (
			);
			runOnlyForDeploymentPostprocessing = 0;
		};
/* End PBXFrameworksBuildPhase section */

/* Begin PBXGroup section */
		6B3A239E2B874B1B00E03F41 /* View */ = {
			isa = PBXGroup;
			children = (
				6B3A23A12B874B6200E03F41 /* Achievements */,
				9D7411AE2B7F960600869BF8 /* LastStatsView.swift */,
				9D7188102B7E419B002C02B0 /* SessionView.swift */,
				9D7411A52B7F534E00869BF8 /* HighFreqAlert.swift */,
			);
			path = View;
			sourceTree = "<group>";
		};
		6B3A239F2B874B3300E03F41 /* Model */ = {
			isa = PBXGroup;
			children = (
				9D7B324D2B889142003B08A7 /* MotionDataManager.swift */,
			);
			path = Model;
			sourceTree = "<group>";
		};
		6B3A23A12B874B6200E03F41 /* Achievements */ = {
			isa = PBXGroup;
			children = (
				9D3C22CE2B908AD900279EBC /* Components */,
				9D7411A72B7F559A00869BF8 /* AchievementObtainedView.swift */,
				9D7411B12B7F96BD00869BF8 /* AchievementsView.swift */,
				9D81EDAA2B838D52003B7CD1 /* AchievementDetailView.swift */,
			);
			path = Achievements;
			sourceTree = "<group>";
		};
		6B6C8A012B8F2E27008C880C /* Components */ = {
			isa = PBXGroup;
			children = (
				6B984F972B8E44B900B2ECD7 /* NaAchievementView.swift */,
				3ECF618E2B8E1C0F0007E8F7 /* AllAchievementsView.swift */,
				6B6C89FF2B8F2E24008C880C /* AchievementStyle.swift */,
			);
			path = Components;
			sourceTree = "<group>";
		};
		6B8AA1082B84AD790088E5E4 /* Model */ = {
			isa = PBXGroup;
			children = (
				6BACB1782B91E5710098F263 /* Feedbacks */,
				6BF3EEB72B8B54D000B52687 /* Advices */,
			);
			path = Model;
			sourceTree = "<group>";
		};
		6B8AA1092B84AD870088E5E4 /* View */ = {
			isa = PBXGroup;
			children = (
				9D9A64FF2B91E267003FA073 /* AuthenticationView.swift */,
				6B8AA10E2B84B50F0088E5E4 /* Dashboard */,
				6B8AA10D2B84B5020088E5E4 /* Advices */,
				6B8AA10C2B84B4EC0088E5E4 /* Achievement */,
			);
			path = View;
			sourceTree = "<group>";
		};
		6B8AA10C2B84B4EC0088E5E4 /* Achievement */ = {
			isa = PBXGroup;
			children = (
				9D7411A12B7F515200869BF8 /* AchievementsView.swift */,
				6B8AA10A2B84B24E0088E5E4 /* AchievementDetailView.swift */,
				6B6C8A012B8F2E27008C880C /* Components */,
			);
			path = Achievement;
			sourceTree = "<group>";
		};
		6B8AA10D2B84B5020088E5E4 /* Advices */ = {
			isa = PBXGroup;
			children = (
				9D7411A32B7F51BE00869BF8 /* AdviceView.swift */,
				9DA6A84B2B8C8B2C009737D7 /* AdviceDetailView.swift */,
				9DA6A84C2B8C8B2C009737D7 /* AdviceListView.swift */,
				6BF3EEC22B8B605800B52687 /* Components */,
			);
			path = Advices;
			sourceTree = "<group>";
		};
		6B8AA10E2B84B50F0088E5E4 /* Dashboard */ = {
			isa = PBXGroup;
			children = (
				9D7187FE2B7E419A002C02B0 /* DashboardView.swift */,
				9D6261D92B91E7E100CF01F1 /* History */,
				6BF3EEC32B8B61DA00B52687 /* Components */,
			);
			path = Dashboard;
			sourceTree = "<group>";
		};
		6BACB1782B91E5710098F263 /* Feedbacks */ = {
			isa = PBXGroup;
			children = (
				6BACB1792B91E5710098F263 /* FeedbackList.swift */,
				6BACB17A2B91E5710098F263 /* Feedback.swift */,
			);
			name = Feedbacks;
			path = Advices/Feedbacks;
			sourceTree = "<group>";
		};
		6BDF79BA2B8C8CBB00E9663D /* Support files */ = {
			isa = PBXGroup;
			children = (
				6BDF79BB2B8C8CCA00E9663D /* ResponsiveFrame.swift */,
				6B1F6D862B909A1500C7EE6B /* DateFormatter.swift */,
				6B9666E52B9711A50052CAF1 /* Line.swift */,
				6BBD95572B8E1B1400712380 /* DoubleToTime.swift */,
			);
			path = "Support files";
			sourceTree = "<group>";
		};
		6BE5F8812B907F3200D4E1EB /* Graphs */ = {
			isa = PBXGroup;
			children = (
				3E02877F2B9B811D00B5E139 /* AllGraphsView.swift */,
				6BD11A9F2B8CF6BF008FA32D /* BpmGraphView.swift */,
				6BD11A9D2B8CF519008FA32D /* SpeedGraphView.swift */,
			);
			path = Graphs;
			sourceTree = "<group>";
		};
		6BF3EEB72B8B54D000B52687 /* Advices */ = {
			isa = PBXGroup;
			children = (
				9DA6A8592B8C8B6E009737D7 /* AdviceList.swift */,
				6B8AA10F2B84B9100088E5E4 /* Advice.swift */,
			);
			path = Advices;
			sourceTree = "<group>";
		};
		6BF3EEC22B8B605800B52687 /* Components */ = {
			isa = PBXGroup;
			children = (
				9DA6A84F2B8C8B34009737D7 /* AdviceButtonStyle.swift */,
			);
			path = Components;
			sourceTree = "<group>";
		};
		6BF3EEC32B8B61DA00B52687 /* Components */ = {
			isa = PBXGroup;
			children = (
				3E2E8C132B8F6FDF003C609A /* Info.swift */,
				3E0287812B9B839700B5E139 /* DataView.swift */,
				9DA6A8522B8C8B43009737D7 /* LastSessionView.swift */,
				3E02877D2B9B7C4700B5E139 /* FeedbackView.swift */,
				6BE5F8812B907F3200D4E1EB /* Graphs */,
			);
			path = Components;
			sourceTree = "<group>";
		};
		9D3C22CE2B908AD900279EBC /* Components */ = {
			isa = PBXGroup;
			children = (
				6B1F6D842B90970200C7EE6B /* AchievementButton.swift */,
			);
			path = Components;
			sourceTree = "<group>";
		};
		9D3C22D22B90924100279EBC /* Shared files */ = {
			isa = PBXGroup;
			children = (
				9D8C39312B88F05400FFB72F /* Session.swift */,
				9DA6A8612B8C9587009737D7 /* Connectivity.swift */,
				9D8C39352B89006400FFB72F /* Extensions.swift */,
				9D9F22D72B97201C000654A4 /* Localizable.xcstrings */,
				9D7188002B7E419B002C02B0 /* Assets.xcassets */,
				6B8AA1062B84AC5E0088E5E4 /* Achievement.swift */,
			);
			path = "Shared files";
			sourceTree = "<group>";
		};
		9D6261D92B91E7E100CF01F1 /* History */ = {
			isa = PBXGroup;
			children = (
				9D6261D62B91E7DD00CF01F1 /* HistoryElementStyle.swift */,
				9D6261D52B91E7DD00CF01F1 /* HistoryView.swift */,
			);
			path = History;
			sourceTree = "<group>";
		};
		9D7187F02B7E419A002C02B0 = {
			isa = PBXGroup;
			children = (
				9D3C22D22B90924100279EBC /* Shared files */,
				9D7187FB2B7E419A002C02B0 /* CanShaker */,
				9D71880D2B7E419B002C02B0 /* CanShaker Watch App */,
				9D7187FA2B7E419A002C02B0 /* Products */,
			);
			sourceTree = "<group>";
		};
		9D7187FA2B7E419A002C02B0 /* Products */ = {
			isa = PBXGroup;
			children = (
				9D7187F92B7E419A002C02B0 /* CanShaker.app */,
				9D7188092B7E419B002C02B0 /* CanShaker Watch App.app */,
			);
			name = Products;
			sourceTree = "<group>";
		};
		9D7187FB2B7E419A002C02B0 /* CanShaker */ = {
			isa = PBXGroup;
			children = (
				9D7135712B85EB7900650827 /* Info.plist */,
				9D5360EB2B7E4E9100BE628C /* CanShaker.entitlements */,
				9D7187FC2B7E419A002C02B0 /* CanShakerApp.swift */,
				6BDF79BA2B8C8CBB00E9663D /* Support files */,
				6B8AA1082B84AD790088E5E4 /* Model */,
				6B8AA1092B84AD870088E5E4 /* View */,
				9D7188022B7E419B002C02B0 /* Preview Content */,
			);
			path = CanShaker;
			sourceTree = "<group>";
		};
		9D7188022B7E419B002C02B0 /* Preview Content */ = {
			isa = PBXGroup;
			children = (
				9D7188032B7E419B002C02B0 /* Preview Assets.xcassets */,
			);
			path = "Preview Content";
			sourceTree = "<group>";
		};
		9D71880D2B7E419B002C02B0 /* CanShaker Watch App */ = {
			isa = PBXGroup;
			children = (
				9D5360EA2B7E4E3800BE628C /* CanShaker Watch App.entitlements */,
				9D71880E2B7E419B002C02B0 /* CanShakerApp.swift */,
				6B3A239E2B874B1B00E03F41 /* View */,
				9D7188142B7E419C002C02B0 /* Preview Content */,
				6B3A239F2B874B3300E03F41 /* Model */,
			);
			path = "CanShaker Watch App";
			sourceTree = "<group>";
		};
		9D7188142B7E419C002C02B0 /* Preview Content */ = {
			isa = PBXGroup;
			children = (
				9D7188152B7E419C002C02B0 /* Preview Assets.xcassets */,
			);
			path = "Preview Content";
			sourceTree = "<group>";
		};
/* End PBXGroup section */

/* Begin PBXNativeTarget section */
		9D7187F82B7E419A002C02B0 /* CanShaker */ = {
			isa = PBXNativeTarget;
			buildConfigurationList = 9D71881D2B7E419C002C02B0 /* Build configuration list for PBXNativeTarget "CanShaker" */;
			buildPhases = (
				9D7187F52B7E419A002C02B0 /* Sources */,
				9D7187F62B7E419A002C02B0 /* Frameworks */,
				9D7187F72B7E419A002C02B0 /* Resources */,
				9D71881C2B7E419C002C02B0 /* Embed Watch Content */,
			);
			buildRules = (
			);
			dependencies = (
				9D71880C2B7E419B002C02B0 /* PBXTargetDependency */,
			);
			name = CanShaker;
			productName = CanShaker;
			productReference = 9D7187F92B7E419A002C02B0 /* CanShaker.app */;
			productType = "com.apple.product-type.application";
		};
		9D7188082B7E419B002C02B0 /* CanShaker Watch App */ = {
			isa = PBXNativeTarget;
			buildConfigurationList = 9D7188192B7E419C002C02B0 /* Build configuration list for PBXNativeTarget "CanShaker Watch App" */;
			buildPhases = (
				9D7188052B7E419B002C02B0 /* Sources */,
				9D7188062B7E419B002C02B0 /* Frameworks */,
				9D7188072B7E419B002C02B0 /* Resources */,
			);
			buildRules = (
			);
			dependencies = (
			);
			name = "CanShaker Watch App";
			productName = "CanShaker Watch App";
			productReference = 9D7188092B7E419B002C02B0 /* CanShaker Watch App.app */;
			productType = "com.apple.product-type.application";
		};
/* End PBXNativeTarget section */

/* Begin PBXProject section */
		9D7187F12B7E419A002C02B0 /* Project object */ = {
			isa = PBXProject;
			attributes = {
				BuildIndependentTargetsInParallel = 1;
				LastSwiftUpdateCheck = 1520;
				LastUpgradeCheck = 1520;
				TargetAttributes = {
					9D7187F82B7E419A002C02B0 = {
						CreatedOnToolsVersion = 15.2;
					};
					9D7188082B7E419B002C02B0 = {
						CreatedOnToolsVersion = 15.2;
					};
				};
			};
			buildConfigurationList = 9D7187F42B7E419A002C02B0 /* Build configuration list for PBXProject "CanShaker" */;
			compatibilityVersion = "Xcode 14.0";
			developmentRegion = en;
			hasScannedForEncodings = 0;
			knownRegions = (
				en,
				Base,
				it,
				"es-419",
				"fa-IR",
				fr,
				de,
				tr,
			);
			mainGroup = 9D7187F02B7E419A002C02B0;
			productRefGroup = 9D7187FA2B7E419A002C02B0 /* Products */;
			projectDirPath = "";
			projectRoot = "";
			targets = (
				9D7187F82B7E419A002C02B0 /* CanShaker */,
				9D7188082B7E419B002C02B0 /* CanShaker Watch App */,
			);
		};
/* End PBXProject section */

/* Begin PBXResourcesBuildPhase section */
		9D7187F72B7E419A002C02B0 /* Resources */ = {
			isa = PBXResourcesBuildPhase;
			buildActionMask = 2147483647;
			files = (
				9D7188042B7E419B002C02B0 /* Preview Assets.xcassets in Resources */,
				9D81EDA92B8372C2003B7CD1 /* Assets.xcassets in Resources */,
				9D9F22D82B97201C000654A4 /* Localizable.xcstrings in Resources */,
			);
			runOnlyForDeploymentPostprocessing = 0;
		};
		9D7188072B7E419B002C02B0 /* Resources */ = {
			isa = PBXResourcesBuildPhase;
			buildActionMask = 2147483647;
			files = (
				6B1F6D832B9096E800C7EE6B /* Assets.xcassets in Resources */,
				9D7188162B7E419C002C02B0 /* Preview Assets.xcassets in Resources */,
				9D9F22D92B97201C000654A4 /* Localizable.xcstrings in Resources */,
			);
			runOnlyForDeploymentPostprocessing = 0;
		};
/* End PBXResourcesBuildPhase section */

/* Begin PBXSourcesBuildPhase section */
		9D7187F52B7E419A002C02B0 /* Sources */ = {
			isa = PBXSourcesBuildPhase;
			buildActionMask = 2147483647;
			files = (
				9D7187FF2B7E419A002C02B0 /* DashboardView.swift in Sources */,
				9DA6A84D2B8C8B2C009737D7 /* AdviceDetailView.swift in Sources */,
				6BACB17D2B91E5710098F263 /* Feedback.swift in Sources */,
				6B8AA10B2B84B24E0088E5E4 /* AchievementDetailView.swift in Sources */,
				6B984F982B8E44B900B2ECD7 /* NaAchievementView.swift in Sources */,
				6B1F6D872B909A1500C7EE6B /* DateFormatter.swift in Sources */,
				6BD11A9E2B8CF519008FA32D /* SpeedGraphView.swift in Sources */,
				3E0287802B9B811D00B5E139 /* AllGraphsView.swift in Sources */,
				9DA6A8502B8C8B34009737D7 /* AdviceButtonStyle.swift in Sources */,
				9D6261D72B91E7DD00CF01F1 /* HistoryView.swift in Sources */,
				3ECF618F2B8E1C0F0007E8F7 /* AllAchievementsView.swift in Sources */,
				6B8AA1102B84B9100088E5E4 /* Advice.swift in Sources */,
				6BBD95582B8E1B1400712380 /* DoubleToTime.swift in Sources */,
				6BACB17B2B91E5710098F263 /* FeedbackList.swift in Sources */,
				9D9A65002B91E267003FA073 /* AuthenticationView.swift in Sources */,
				6BDF79BC2B8C8CCA00E9663D /* ResponsiveFrame.swift in Sources */,
				9D6261D82B91E7DD00CF01F1 /* HistoryElementStyle.swift in Sources */,
				9D7411A22B7F515200869BF8 /* AchievementsView.swift in Sources */,
				9DA6A8542B8C8B43009737D7 /* LastSessionView.swift in Sources */,
				9D7411A42B7F51BE00869BF8 /* AdviceView.swift in Sources */,
				9DA6A85A2B8C8B6E009737D7 /* AdviceList.swift in Sources */,
				9DA6A8602B8C8F92009737D7 /* Extensions.swift in Sources */,
				6B9666E62B9711A50052CAF1 /* Line.swift in Sources */,
				9D7187FD2B7E419A002C02B0 /* CanShakerApp.swift in Sources */,
				6B6C8A002B8F2E24008C880C /* AchievementStyle.swift in Sources */,
				6B8AA1072B84AC5E0088E5E4 /* Achievement.swift in Sources */,
				3E2E8C142B8F6FDF003C609A /* Info.swift in Sources */,
				6B6C8A022B8F4CEB008C880C /* Session.swift in Sources */,
				9DA6A84E2B8C8B2C009737D7 /* AdviceListView.swift in Sources */,
				9DA6A8632B8C95A7009737D7 /* Connectivity.swift in Sources */,
				3E0287822B9B839700B5E139 /* DataView.swift in Sources */,
				3E02877E2B9B7C4700B5E139 /* FeedbackView.swift in Sources */,
				6BD11AA02B8CF6BF008FA32D /* BpmGraphView.swift in Sources */,
			);
			runOnlyForDeploymentPostprocessing = 0;
		};
		9D7188052B7E419B002C02B0 /* Sources */ = {
			isa = PBXSourcesBuildPhase;
			buildActionMask = 2147483647;
			files = (
				9D7B324E2B889142003B08A7 /* MotionDataManager.swift in Sources */,
				9D7411A62B7F534E00869BF8 /* HighFreqAlert.swift in Sources */,
				6BACB17E2B91E5710098F263 /* Feedback.swift in Sources */,
				6B1F6D852B90970200C7EE6B /* AchievementButton.swift in Sources */,
				9D81EDAB2B838D52003B7CD1 /* AchievementDetailView.swift in Sources */,
				9D7188112B7E419B002C02B0 /* SessionView.swift in Sources */,
				9D8C39322B88F05400FFB72F /* Session.swift in Sources */,
				9DA6A8622B8C9587009737D7 /* Connectivity.swift in Sources */,
				9D7411B02B7F960600869BF8 /* LastStatsView.swift in Sources */,
				9D8C39362B89006400FFB72F /* Extensions.swift in Sources */,
				9D8C39302B88E7E700FFB72F /* Achievement.swift in Sources */,
				9D7411A82B7F559A00869BF8 /* AchievementObtainedView.swift in Sources */,
				9D7411B22B7F96BD00869BF8 /* AchievementsView.swift in Sources */,
				6BACB17C2B91E5710098F263 /* FeedbackList.swift in Sources */,
				9D71880F2B7E419B002C02B0 /* CanShakerApp.swift in Sources */,
			);
			runOnlyForDeploymentPostprocessing = 0;
		};
/* End PBXSourcesBuildPhase section */

/* Begin PBXTargetDependency section */
		9D71880C2B7E419B002C02B0 /* PBXTargetDependency */ = {
			isa = PBXTargetDependency;
			target = 9D7188082B7E419B002C02B0 /* CanShaker Watch App */;
			targetProxy = 9D71880B2B7E419B002C02B0 /* PBXContainerItemProxy */;
		};
/* End PBXTargetDependency section */

/* Begin XCBuildConfiguration section */
		9D7188172B7E419C002C02B0 /* Debug */ = {
			isa = XCBuildConfiguration;
			buildSettings = {
				ALWAYS_SEARCH_USER_PATHS = NO;
				ASSETCATALOG_COMPILER_GENERATE_SWIFT_ASSET_SYMBOL_EXTENSIONS = YES;
				CLANG_ANALYZER_NONNULL = YES;
				CLANG_ANALYZER_NUMBER_OBJECT_CONVERSION = YES_AGGRESSIVE;
				CLANG_CXX_LANGUAGE_STANDARD = "gnu++20";
				CLANG_ENABLE_MODULES = YES;
				CLANG_ENABLE_OBJC_ARC = YES;
				CLANG_ENABLE_OBJC_WEAK = YES;
				CLANG_WARN_BLOCK_CAPTURE_AUTORELEASING = YES;
				CLANG_WARN_BOOL_CONVERSION = YES;
				CLANG_WARN_COMMA = YES;
				CLANG_WARN_CONSTANT_CONVERSION = YES;
				CLANG_WARN_DEPRECATED_OBJC_IMPLEMENTATIONS = YES;
				CLANG_WARN_DIRECT_OBJC_ISA_USAGE = YES_ERROR;
				CLANG_WARN_DOCUMENTATION_COMMENTS = YES;
				CLANG_WARN_EMPTY_BODY = YES;
				CLANG_WARN_ENUM_CONVERSION = YES;
				CLANG_WARN_INFINITE_RECURSION = YES;
				CLANG_WARN_INT_CONVERSION = YES;
				CLANG_WARN_NON_LITERAL_NULL_CONVERSION = YES;
				CLANG_WARN_OBJC_IMPLICIT_RETAIN_SELF = YES;
				CLANG_WARN_OBJC_LITERAL_CONVERSION = YES;
				CLANG_WARN_OBJC_ROOT_CLASS = YES_ERROR;
				CLANG_WARN_QUOTED_INCLUDE_IN_FRAMEWORK_HEADER = YES;
				CLANG_WARN_RANGE_LOOP_ANALYSIS = YES;
				CLANG_WARN_STRICT_PROTOTYPES = YES;
				CLANG_WARN_SUSPICIOUS_MOVE = YES;
				CLANG_WARN_UNGUARDED_AVAILABILITY = YES_AGGRESSIVE;
				CLANG_WARN_UNREACHABLE_CODE = YES;
				CLANG_WARN__DUPLICATE_METHOD_MATCH = YES;
				COPY_PHASE_STRIP = NO;
				DEBUG_INFORMATION_FORMAT = dwarf;
				ENABLE_STRICT_OBJC_MSGSEND = YES;
				ENABLE_TESTABILITY = YES;
				ENABLE_USER_SCRIPT_SANDBOXING = YES;
				GCC_C_LANGUAGE_STANDARD = gnu17;
				GCC_DYNAMIC_NO_PIC = NO;
				GCC_NO_COMMON_BLOCKS = YES;
				GCC_OPTIMIZATION_LEVEL = 0;
				GCC_PREPROCESSOR_DEFINITIONS = (
					"DEBUG=1",
					"$(inherited)",
				);
				GCC_WARN_64_TO_32_BIT_CONVERSION = YES;
				GCC_WARN_ABOUT_RETURN_TYPE = YES_ERROR;
				GCC_WARN_UNDECLARED_SELECTOR = YES;
				GCC_WARN_UNINITIALIZED_AUTOS = YES_AGGRESSIVE;
				GCC_WARN_UNUSED_FUNCTION = YES;
				GCC_WARN_UNUSED_VARIABLE = YES;
				IPHONEOS_DEPLOYMENT_TARGET = 17.0;
				LOCALIZATION_PREFERS_STRING_CATALOGS = YES;
				MTL_ENABLE_DEBUG_INFO = INCLUDE_SOURCE;
				MTL_FAST_MATH = YES;
				ONLY_ACTIVE_ARCH = YES;
				SWIFT_ACTIVE_COMPILATION_CONDITIONS = "DEBUG $(inherited)";
				SWIFT_OPTIMIZATION_LEVEL = "-Onone";
				WATCHOS_DEPLOYMENT_TARGET = 9.0;
			};
			name = Debug;
		};
		9D7188182B7E419C002C02B0 /* Release */ = {
			isa = XCBuildConfiguration;
			buildSettings = {
				ALWAYS_SEARCH_USER_PATHS = NO;
				ASSETCATALOG_COMPILER_GENERATE_SWIFT_ASSET_SYMBOL_EXTENSIONS = YES;
				CLANG_ANALYZER_NONNULL = YES;
				CLANG_ANALYZER_NUMBER_OBJECT_CONVERSION = YES_AGGRESSIVE;
				CLANG_CXX_LANGUAGE_STANDARD = "gnu++20";
				CLANG_ENABLE_MODULES = YES;
				CLANG_ENABLE_OBJC_ARC = YES;
				CLANG_ENABLE_OBJC_WEAK = YES;
				CLANG_WARN_BLOCK_CAPTURE_AUTORELEASING = YES;
				CLANG_WARN_BOOL_CONVERSION = YES;
				CLANG_WARN_COMMA = YES;
				CLANG_WARN_CONSTANT_CONVERSION = YES;
				CLANG_WARN_DEPRECATED_OBJC_IMPLEMENTATIONS = YES;
				CLANG_WARN_DIRECT_OBJC_ISA_USAGE = YES_ERROR;
				CLANG_WARN_DOCUMENTATION_COMMENTS = YES;
				CLANG_WARN_EMPTY_BODY = YES;
				CLANG_WARN_ENUM_CONVERSION = YES;
				CLANG_WARN_INFINITE_RECURSION = YES;
				CLANG_WARN_INT_CONVERSION = YES;
				CLANG_WARN_NON_LITERAL_NULL_CONVERSION = YES;
				CLANG_WARN_OBJC_IMPLICIT_RETAIN_SELF = YES;
				CLANG_WARN_OBJC_LITERAL_CONVERSION = YES;
				CLANG_WARN_OBJC_ROOT_CLASS = YES_ERROR;
				CLANG_WARN_QUOTED_INCLUDE_IN_FRAMEWORK_HEADER = YES;
				CLANG_WARN_RANGE_LOOP_ANALYSIS = YES;
				CLANG_WARN_STRICT_PROTOTYPES = YES;
				CLANG_WARN_SUSPICIOUS_MOVE = YES;
				CLANG_WARN_UNGUARDED_AVAILABILITY = YES_AGGRESSIVE;
				CLANG_WARN_UNREACHABLE_CODE = YES;
				CLANG_WARN__DUPLICATE_METHOD_MATCH = YES;
				COPY_PHASE_STRIP = NO;
				DEBUG_INFORMATION_FORMAT = "dwarf-with-dsym";
				ENABLE_NS_ASSERTIONS = NO;
				ENABLE_STRICT_OBJC_MSGSEND = YES;
				ENABLE_USER_SCRIPT_SANDBOXING = YES;
				GCC_C_LANGUAGE_STANDARD = gnu17;
				GCC_NO_COMMON_BLOCKS = YES;
				GCC_WARN_64_TO_32_BIT_CONVERSION = YES;
				GCC_WARN_ABOUT_RETURN_TYPE = YES_ERROR;
				GCC_WARN_UNDECLARED_SELECTOR = YES;
				GCC_WARN_UNINITIALIZED_AUTOS = YES_AGGRESSIVE;
				GCC_WARN_UNUSED_FUNCTION = YES;
				GCC_WARN_UNUSED_VARIABLE = YES;
				IPHONEOS_DEPLOYMENT_TARGET = 17.0;
				LOCALIZATION_PREFERS_STRING_CATALOGS = YES;
				MTL_ENABLE_DEBUG_INFO = NO;
				MTL_FAST_MATH = YES;
				SWIFT_COMPILATION_MODE = wholemodule;
				WATCHOS_DEPLOYMENT_TARGET = 9.0;
			};
			name = Release;
		};
		9D71881A2B7E419C002C02B0 /* Debug */ = {
			isa = XCBuildConfiguration;
			buildSettings = {
				ASSETCATALOG_COMPILER_APPICON_NAME = AppIconWatch;
				ASSETCATALOG_COMPILER_GLOBAL_ACCENT_COLOR_NAME = AccentColor;
				CODE_SIGN_ENTITLEMENTS = "CanShaker Watch App/CanShaker Watch App.entitlements";
				CODE_SIGN_STYLE = Automatic;
				CURRENT_PROJECT_VERSION = 1;
				DEVELOPMENT_ASSET_PATHS = "\"CanShaker Watch App/Preview Content\"";
				DEVELOPMENT_TEAM = WLW428B75Y;
				ENABLE_PREVIEWS = YES;
				GENERATE_INFOPLIST_FILE = YES;
				INFOPLIST_FILE = "CanShaker-Watch-App-Info.plist";
				INFOPLIST_KEY_CFBundleDisplayName = "Can Shaker";
				INFOPLIST_KEY_NSHealthShareUsageDescription = "This app requires permission to write to properly track and give you statistics about your heart rate and energy spent during the session.";
				INFOPLIST_KEY_NSHealthUpdateUsageDescription = "This app requires permission to write to properly track and give you statistics about your heart rate and energy spent during the session.";
				INFOPLIST_KEY_NSMotionUsageDescription = "This app tracks your wrist movements during sessions";
				INFOPLIST_KEY_UISupportedInterfaceOrientations = "UIInterfaceOrientationPortrait UIInterfaceOrientationPortraitUpsideDown";
				INFOPLIST_KEY_WKCompanionAppBundleIdentifier = com.Dave.CanShaker;
				LD_RUNPATH_SEARCH_PATHS = (
					"$(inherited)",
					"@executable_path/Frameworks",
				);
				MARKETING_VERSION = 1.0;
				PRODUCT_BUNDLE_IDENTIFIER = com.Dave.CanShaker.watchkitapp;
				PRODUCT_NAME = "$(TARGET_NAME)";
				SDKROOT = watchos;
				SKIP_INSTALL = YES;
				SWIFT_EMIT_LOC_STRINGS = YES;
				SWIFT_VERSION = 5.0;
				TARGETED_DEVICE_FAMILY = 4;
				WATCHOS_DEPLOYMENT_TARGET = 10.0;
			};
			name = Debug;
		};
		9D71881B2B7E419C002C02B0 /* Release */ = {
			isa = XCBuildConfiguration;
			buildSettings = {
				ASSETCATALOG_COMPILER_APPICON_NAME = AppIconWatch;
				ASSETCATALOG_COMPILER_GLOBAL_ACCENT_COLOR_NAME = AccentColor;
				CODE_SIGN_ENTITLEMENTS = "CanShaker Watch App/CanShaker Watch App.entitlements";
				CODE_SIGN_STYLE = Automatic;
				CURRENT_PROJECT_VERSION = 1;
				DEVELOPMENT_ASSET_PATHS = "\"CanShaker Watch App/Preview Content\"";
				DEVELOPMENT_TEAM = WLW428B75Y;
				ENABLE_PREVIEWS = YES;
				GENERATE_INFOPLIST_FILE = YES;
				INFOPLIST_FILE = "CanShaker-Watch-App-Info.plist";
				INFOPLIST_KEY_CFBundleDisplayName = "Can Shaker";
				INFOPLIST_KEY_NSHealthShareUsageDescription = "This app requires permission to write to properly track and give you statistics about your heart rate and energy spent during the session.";
				INFOPLIST_KEY_NSHealthUpdateUsageDescription = "This app requires permission to write to properly track and give you statistics about your heart rate and energy spent during the session.";
				INFOPLIST_KEY_NSMotionUsageDescription = "This app tracks your wrist movements during sessions";
				INFOPLIST_KEY_UISupportedInterfaceOrientations = "UIInterfaceOrientationPortrait UIInterfaceOrientationPortraitUpsideDown";
				INFOPLIST_KEY_WKCompanionAppBundleIdentifier = com.Dave.CanShaker;
				LD_RUNPATH_SEARCH_PATHS = (
					"$(inherited)",
					"@executable_path/Frameworks",
				);
				MARKETING_VERSION = 1.0;
				PRODUCT_BUNDLE_IDENTIFIER = com.snesnopic.CanShaker.watchkitapp;
				PRODUCT_NAME = "$(TARGET_NAME)";
				SDKROOT = watchos;
				SKIP_INSTALL = YES;
				SWIFT_EMIT_LOC_STRINGS = YES;
				SWIFT_VERSION = 5.0;
				TARGETED_DEVICE_FAMILY = 4;
				VALIDATE_PRODUCT = YES;
				WATCHOS_DEPLOYMENT_TARGET = 10.0;
			};
			name = Release;
		};
		9D71881E2B7E419C002C02B0 /* Debug */ = {
			isa = XCBuildConfiguration;
			buildSettings = {
				ALWAYS_EMBED_SWIFT_STANDARD_LIBRARIES = YES;
				ASSETCATALOG_COMPILER_APPICON_NAME = AppIcon;
				ASSETCATALOG_COMPILER_GLOBAL_ACCENT_COLOR_NAME = AccentColor;
				CODE_SIGN_ENTITLEMENTS = CanShaker/CanShaker.entitlements;
				CODE_SIGN_STYLE = Automatic;
				CURRENT_PROJECT_VERSION = 1;
				DEVELOPMENT_ASSET_PATHS = "\"CanShaker/Preview Content\"";
				DEVELOPMENT_TEAM = WLW428B75Y;
				ENABLE_PREVIEWS = YES;
				GENERATE_INFOPLIST_FILE = YES;
				INFOPLIST_FILE = CanShaker/Info.plist;
				INFOPLIST_KEY_CFBundleDisplayName = "Can Shaker";
				INFOPLIST_KEY_LSApplicationCategoryType = "public.app-category.healthcare-fitness";
				INFOPLIST_KEY_NSFaceIDUsageDescription = "The app uses your Face ID just to protect your data.";
				INFOPLIST_KEY_NSHealthShareUsageDescription = "This app requires usage of Health.";
				INFOPLIST_KEY_NSHealthUpdateUsageDescription = "This app requires usage of Health.";
				INFOPLIST_KEY_UIApplicationSupportsIndirectInputEvents = YES;
				INFOPLIST_KEY_UILaunchScreen_Generation = YES;
				INFOPLIST_KEY_UISupportedInterfaceOrientations_iPad = "UIInterfaceOrientationPortrait UIInterfaceOrientationPortraitUpsideDown UIInterfaceOrientationLandscapeLeft UIInterfaceOrientationLandscapeRight";
				INFOPLIST_KEY_UISupportedInterfaceOrientations_iPhone = "UIInterfaceOrientationPortrait UIInterfaceOrientationLandscapeLeft UIInterfaceOrientationLandscapeRight";
				IPHONEOS_DEPLOYMENT_TARGET = 17.0;
				LD_RUNPATH_SEARCH_PATHS = (
					"$(inherited)",
					"@executable_path/Frameworks",
				);
				MARKETING_VERSION = 1.0;
				PRODUCT_BUNDLE_IDENTIFIER = com.Dave.CanShaker;
				PRODUCT_NAME = "$(TARGET_NAME)";
				SDKROOT = iphoneos;
				SWIFT_EMIT_LOC_STRINGS = YES;
				SWIFT_VERSION = 5.0;
				TARGETED_DEVICE_FAMILY = "1,2";
			};
			name = Debug;
		};
		9D71881F2B7E419C002C02B0 /* Release */ = {
			isa = XCBuildConfiguration;
			buildSettings = {
				ALWAYS_EMBED_SWIFT_STANDARD_LIBRARIES = YES;
				ASSETCATALOG_COMPILER_APPICON_NAME = AppIcon;
				ASSETCATALOG_COMPILER_GLOBAL_ACCENT_COLOR_NAME = AccentColor;
				CODE_SIGN_ENTITLEMENTS = CanShaker/CanShaker.entitlements;
				CODE_SIGN_STYLE = Automatic;
				CURRENT_PROJECT_VERSION = 1;
				DEVELOPMENT_ASSET_PATHS = "\"CanShaker/Preview Content\"";
				DEVELOPMENT_TEAM = WLW428B75Y;
				ENABLE_PREVIEWS = YES;
				GENERATE_INFOPLIST_FILE = YES;
				INFOPLIST_FILE = CanShaker/Info.plist;
				INFOPLIST_KEY_CFBundleDisplayName = "Can Shaker";
				INFOPLIST_KEY_LSApplicationCategoryType = "public.app-category.healthcare-fitness";
				INFOPLIST_KEY_NSFaceIDUsageDescription = "The app uses your Face ID just to protect your data.";
				INFOPLIST_KEY_NSHealthShareUsageDescription = "This app requires usage of Health.";
				INFOPLIST_KEY_NSHealthUpdateUsageDescription = "This app requires usage of Health.";
				INFOPLIST_KEY_UIApplicationSupportsIndirectInputEvents = YES;
				INFOPLIST_KEY_UILaunchScreen_Generation = YES;
				INFOPLIST_KEY_UISupportedInterfaceOrientations_iPad = "UIInterfaceOrientationPortrait UIInterfaceOrientationPortraitUpsideDown UIInterfaceOrientationLandscapeLeft UIInterfaceOrientationLandscapeRight";
				INFOPLIST_KEY_UISupportedInterfaceOrientations_iPhone = "UIInterfaceOrientationPortrait UIInterfaceOrientationLandscapeLeft UIInterfaceOrientationLandscapeRight";
				IPHONEOS_DEPLOYMENT_TARGET = 17.0;
				LD_RUNPATH_SEARCH_PATHS = (
					"$(inherited)",
					"@executable_path/Frameworks",
				);
				MARKETING_VERSION = 1.0;
				PRODUCT_BUNDLE_IDENTIFIER = com.snesnopic.CanShaker;
				PRODUCT_NAME = "$(TARGET_NAME)";
				SDKROOT = iphoneos;
				SWIFT_EMIT_LOC_STRINGS = YES;
				SWIFT_VERSION = 5.0;
				TARGETED_DEVICE_FAMILY = "1,2";
				VALIDATE_PRODUCT = YES;
			};
			name = Release;
		};
/* End XCBuildConfiguration section */

/* Begin XCConfigurationList section */
		9D7187F42B7E419A002C02B0 /* Build configuration list for PBXProject "CanShaker" */ = {
			isa = XCConfigurationList;
			buildConfigurations = (
				9D7188172B7E419C002C02B0 /* Debug */,
				9D7188182B7E419C002C02B0 /* Release */,
			);
			defaultConfigurationIsVisible = 0;
			defaultConfigurationName = Debug;
		};
		9D7188192B7E419C002C02B0 /* Build configuration list for PBXNativeTarget "CanShaker Watch App" */ = {
			isa = XCConfigurationList;
			buildConfigurations = (
				9D71881A2B7E419C002C02B0 /* Debug */,
				9D71881B2B7E419C002C02B0 /* Release */,
			);
			defaultConfigurationIsVisible = 0;
			defaultConfigurationName = Debug;
		};
		9D71881D2B7E419C002C02B0 /* Build configuration list for PBXNativeTarget "CanShaker" */ = {
			isa = XCConfigurationList;
			buildConfigurations = (
				9D71881E2B7E419C002C02B0 /* Debug */,
				9D71881F2B7E419C002C02B0 /* Release */,
			);
			defaultConfigurationIsVisible = 0;
			defaultConfigurationName = Debug;
		};
/* End XCConfigurationList section */
	};
	rootObject = 9D7187F12B7E419A002C02B0 /* Project object */;
}
